
Microsoft Visual Studio Solution File, Format Version 12.00
# Visual Studio Version 17
VisualStudioVersion = 17.6.33829.357
MinimumVisualStudioVersion = 10.0.40219.1
Project("{888888A0-9F3D-457C-B088-3A5042F75D52}") = "Juego1", "Juego1.pyproj", "{558A8A0C-D86A-4137-A9D5-7859AD51027B}"
EndProject
Global
	GlobalSection(SolutionConfigurationPlatforms) = preSolution
		Debug|Any CPU = Debug|Any CPU
		Release|Any CPU = Release|Any CPU
	EndGlobalSection
	GlobalSection(ProjectConfigurationPlatforms) = postSolution
		{558A8A0C-D86A-4137-A9D5-7859AD51027B}.Debug|Any CPU.ActiveCfg = Debug|Any CPU
		{558A8A0C-D86A-4137-A9D5-7859AD51027B}.Release|Any CPU.ActiveCfg = Release|Any CPU
	EndGlobalSection
	GlobalSection(SolutionProperties) = preSolution
		HideSolutionNode = FALSE
	EndGlobalSection
	GlobalSection(ExtensibilityGlobals) = postSolution
		SolutionGuid = {D5D8B30A-642A-4917-86A6-656EB1820163}
	EndGlobalSection
EndGlobal
